Microsoft Visual Studio Solution File, Format Version 12.00
# 17
VisualStudioVersion = 17.11.35312.102
MinimumVisualStudioVersion = 10.0.40219.1
Project("{9A19103F-16F7-4668-BE54-9A1E7A4F7556}") = "PetShelter.Api", "PetShelter.Api\PetShelter.Api.csproj", "{35DA282E-0208-4469-A84D-D1EA5EF8EE4D}"
EndProject
Project("{9A19103F-16F7-4668-BE54-9A1E7A4F7556}") = "PetShelter.Web", "PetShelter.Web\PetShelter.Web.csproj", "{7F0CFA14-A22E-4BA1-B54B-BF7CE0934B6E}"
EndProject
Global
	GlobalSection(SolutionConfigurationPlatforms) = preSolution
		Debug|Any CPU = Debug|Any CPU
		Release|Any CPU = Release|Any CPU
	EndGlobalSection
	GlobalSection(ProjectConfigurationPlatforms) = postSolution
		{35DA282E-0208-4469-A84D-D1EA5EF8EE4D}.Debug|Any CPU.ActiveCfg = Debug|Any CPU
		{35DA282E-0208-4469-A84D-D1EA5EF8EE4D}.Debug|Any CPU.Build.0 = Debug|Any CPU
		{35DA282E-0208-4469-A84D-D1EA5EF8EE4D}.Release|Any CPU.ActiveCfg = Release|Any CPU
		{35DA282E-0208-4469-A84D-D1EA5EF8EE4D}.Release|Any CPU.Build.0 = Release|Any CPU
		{7F0CFA14-A22E-4BA1-B54B-BF7CE0934B6E}.Debug|Any CPU.ActiveCfg = Debug|Any CPU
		{7F0CFA14-A22E-4BA1-B54B-BF7CE0934B6E}.Debug|Any CPU.Build.0 = Debug|Any CPU
		{7F0CFA14-A22E-4BA1-B54B-BF7CE0934B6E}.Release|Any CPU.ActiveCfg = Release|Any CPU
		{7F0CFA14-A22E-4BA1-B54B-BF7CE0934B6E}.Release|Any CPU.Build.0 = Release|Any CPU
	EndGlobalSection
	GlobalSection(SolutionProperties) = preSolution
		HideSolutionNode = FALSE
	EndGlobalSection
	GlobalSection(ExtensibilityGlobals) = postSolution
		SolutionGuid = {0FD050C3-6EC9-412C-8772-C8B1E16C47AF}
	EndGlobalSection
EndGlobal
